
Microsoft Visual Studio Solution File, Format Version 12.00
# Visual Studio Version 16
VisualStudioVersion = 16.0.31019.35
MinimumVisualStudioVersion = 10.0.40219.1
Project("{FAE04EC0-301F-11D3-BF4B-00C04F79EFBC}") = "VXApp4Playnite", "VXApp4Playnite.csproj", "{4FDF1E89-5BC3-4C72-8FDA-0D580E7A5D5F}"
EndProject
Project("{FAE04EC0-301F-11D3-BF4B-00C04F79EFBC}") = "BackSplash", ".\BackSplash\BackSplash.csproj", "{B77FC5E9-CD26-4AE3-9307-F3F46CFF4361}"
EndProject
Project("{2150E333-8FDC-42A3-9474-1A3956D46DE8}") = "tools", "tools", "{9F430E4F-9BEC-42C9-9192-D5518EDC9651}"
EndProject
Project("{FAE04EC0-301F-11D3-BF4B-00C04F79EFBC}") = "VXShared", ".\VXShared\VXShared.csproj", "{7584FA46-00A0-477A-B5BC-23B3348527F0}"
EndProject
Project("{FAE04EC0-301F-11D3-BF4B-00C04F79EFBC}") = "VXCtrl", ".\VXCtrl\VXCtrl.csproj", "{48802B9D-6FFE-45F4-B07C-A30E48CCBA35}"
EndProject
Project("{FAE04EC0-301F-11D3-BF4B-00C04F79EFBC}") = "VXLauncher", ".\VXLauncher\VXLauncher.csproj", "{1113E37D-96F3-4DEE-B3EB-2A96E7DDB1EC}"
EndProject
Global
	GlobalSection(SolutionConfigurationPlatforms) = preSolution
		Debug|Any CPU = Debug|Any CPU
		Release|Any CPU = Release|Any CPU
	EndGlobalSection
	GlobalSection(ProjectConfigurationPlatforms) = postSolution
		{4FDF1E89-5BC3-4C72-8FDA-0D580E7A5D5F}.Debug|Any CPU.ActiveCfg = Debug|Any CPU
		{4FDF1E89-5BC3-4C72-8FDA-0D580E7A5D5F}.Debug|Any CPU.Build.0 = Debug|Any CPU
		{4FDF1E89-5BC3-4C72-8FDA-0D580E7A5D5F}.Release|Any CPU.ActiveCfg = Release|Any CPU
		{4FDF1E89-5BC3-4C72-8FDA-0D580E7A5D5F}.Release|Any CPU.Build.0 = Release|Any CPU
		{B77FC5E9-CD26-4AE3-9307-F3F46CFF4361}.Debug|Any CPU.ActiveCfg = Debug|Any CPU
		{B77FC5E9-CD26-4AE3-9307-F3F46CFF4361}.Debug|Any CPU.Build.0 = Debug|Any CPU
		{B77FC5E9-CD26-4AE3-9307-F3F46CFF4361}.Release|Any CPU.ActiveCfg = Release|Any CPU
		{B77FC5E9-CD26-4AE3-9307-F3F46CFF4361}.Release|Any CPU.Build.0 = Release|Any CPU
		{7584FA46-00A0-477A-B5BC-23B3348527F0}.Debug|Any CPU.ActiveCfg = Debug|Any CPU
		{7584FA46-00A0-477A-B5BC-23B3348527F0}.Debug|Any CPU.Build.0 = Debug|Any CPU
		{7584FA46-00A0-477A-B5BC-23B3348527F0}.Release|Any CPU.ActiveCfg = Release|Any CPU
		{7584FA46-00A0-477A-B5BC-23B3348527F0}.Release|Any CPU.Build.0 = Release|Any CPU
		{48802B9D-6FFE-45F4-B07C-A30E48CCBA35}.Debug|Any CPU.ActiveCfg = Debug|Any CPU
		{48802B9D-6FFE-45F4-B07C-A30E48CCBA35}.Debug|Any CPU.Build.0 = Debug|Any CPU
		{48802B9D-6FFE-45F4-B07C-A30E48CCBA35}.Release|Any CPU.ActiveCfg = Release|Any CPU
		{48802B9D-6FFE-45F4-B07C-A30E48CCBA35}.Release|Any CPU.Build.0 = Release|Any CPU
		{1113E37D-96F3-4DEE-B3EB-2A96E7DDB1EC}.Debug|Any CPU.ActiveCfg = Debug|Any CPU
		{1113E37D-96F3-4DEE-B3EB-2A96E7DDB1EC}.Debug|Any CPU.Build.0 = Debug|Any CPU
		{1113E37D-96F3-4DEE-B3EB-2A96E7DDB1EC}.Release|Any CPU.ActiveCfg = Release|Any CPU
		{1113E37D-96F3-4DEE-B3EB-2A96E7DDB1EC}.Release|Any CPU.Build.0 = Release|Any CPU
	EndGlobalSection
	GlobalSection(SolutionProperties) = preSolution
		HideSolutionNode = FALSE
	EndGlobalSection
	GlobalSection(NestedProjects) = preSolution
		{B77FC5E9-CD26-4AE3-9307-F3F46CFF4361} = {9F430E4F-9BEC-42C9-9192-D5518EDC9651}
		{7584FA46-00A0-477A-B5BC-23B3348527F0} = {9F430E4F-9BEC-42C9-9192-D5518EDC9651}
		{48802B9D-6FFE-45F4-B07C-A30E48CCBA35} = {9F430E4F-9BEC-42C9-9192-D5518EDC9651}
		{1113E37D-96F3-4DEE-B3EB-2A96E7DDB1EC} = {9F430E4F-9BEC-42C9-9192-D5518EDC9651}
	EndGlobalSection
	GlobalSection(ExtensibilityGlobals) = postSolution
		SolutionGuid = {47A90313-2D04-4332-AF42-A3E0105D60B8}
	EndGlobalSection
EndGlobal
